{
  "name": "RealityEngine",
  "lockfileVersion": 2,
  "requires": true,
  "packages": {
    "": {
      "dependencies": {
        "x32": "^1.0.0"
      }
    },
    "node_modules/x32": {
      "version": "1.0.0",
      "resolved": "https://registry.npmjs.org/x32/-/x32-1.0.0.tgz",
      "integrity": "sha512-QWP2BWvU+7RzmU3a+XPBqkUsdkUX+t/GUTj1LB9wSLFNFnyeyUiebHqUNmNtpzDBM4MkevOCvPxZZbRwMfpW9w=="
    }
  },
  "dependencies": {
    "x32": {
      "version": "1.0.0",
      "resolved": "https://registry.npmjs.org/x32/-/x32-1.0.0.tgz",
      "integrity": "sha512-QWP2BWvU+7RzmU3a+XPBqkUsdkUX+t/GUTj1LB9wSLFNFnyeyUiebHqUNmNtpzDBM4MkevOCvPxZZbRwMfpW9w=="
    }
  }
}
